
Microsoft Visual Studio Solution File, Format Version 10.00
# Visual Studio 2008
Project("{FAE04EC0-301F-11D3-BF4B-00C04F79EFBC}") = "EFLazyLoading", "Sources\EFLazyLoading\EFLazyLoading.csproj", "{6A47449F-527D-4172-B4BA-8DC9AA79BC31}"
	ProjectSection(ProjectDependencies) = postProject
		{637C0471-5AEE-4E19-9CAB-8D7E2BFDE04F} = {637C0471-5AEE-4E19-9CAB-8D7E2BFDE04F}
	EndProjectSection
EndProject
Project("{FAE04EC0-301F-11D3-BF4B-00C04F79EFBC}") = "EFLazyClassGen", "Sources\EFLazyClassGen\EFLazyClassGen.csproj", "{637C0471-5AEE-4E19-9CAB-8D7E2BFDE04F}"
EndProject
Project("{FAE04EC0-301F-11D3-BF4B-00C04F79EFBC}") = "LazyNorthwind", "Tests\LazyNorthwind\LazyNorthwind.csproj", "{387305C2-C9CF-4B84-8935-88BE9BAC55A8}"
	ProjectSection(ProjectDependencies) = postProject
		{637C0471-5AEE-4E19-9CAB-8D7E2BFDE04F} = {637C0471-5AEE-4E19-9CAB-8D7E2BFDE04F}
	EndProjectSection
EndProject
Project("{FAE04EC0-301F-11D3-BF4B-00C04F79EFBC}") = "NonLazyNorthwind", "Tests\NonLazyNorthwind\NonLazyNorthwind.csproj", "{935BA65B-97EA-41A5-8924-07A309C1070F}"
EndProject
Project("{FAE04EC0-301F-11D3-BF4B-00C04F79EFBC}") = "LazyNorthwind.Tests", "Tests\LazyNorthwind.Tests\LazyNorthwind.Tests.csproj", "{F9B36AC6-F6D1-435D-963B-A1115620017F}"
EndProject
Project("{2150E333-8FDC-42A3-9474-1A3956D46DE8}") = "Solution Items", "Solution Items", "{028891B7-AA39-44AE-B2E2-EC7C81D56230}"
	ProjectSection(SolutionItems) = preProject
		EFLazyLoading1.vsmdi = EFLazyLoading1.vsmdi
		LocalTestRun.testrunconfig = LocalTestRun.testrunconfig
	EndProjectSection
EndProject
Project("{FAE04EC0-301F-11D3-BF4B-00C04F79EFBC}") = "DataBindingTest", "Tests\DataBindingTest\DataBindingTest.csproj", "{1BF815E4-1E38-4059-BDD1-907E191C088B}"
EndProject
Project("{FAE04EC0-301F-11D3-BF4B-00C04F79EFBC}") = "DesignerTest", "Tests\DesignerTest\DesignerTest.csproj", "{91997A9F-3EC1-4D02-8586-F498CA58AB65}"
EndProject
Global
	GlobalSection(TestCaseManagementSettings) = postSolution
		CategoryFile = EFLazyLoading1.vsmdi
	EndGlobalSection
	GlobalSection(SolutionConfigurationPlatforms) = preSolution
		Debug|Any CPU = Debug|Any CPU
		Release|Any CPU = Release|Any CPU
	EndGlobalSection
	GlobalSection(ProjectConfigurationPlatforms) = postSolution
		{6A47449F-527D-4172-B4BA-8DC9AA79BC31}.Debug|Any CPU.ActiveCfg = Debug|Any CPU
		{6A47449F-527D-4172-B4BA-8DC9AA79BC31}.Debug|Any CPU.Build.0 = Debug|Any CPU
		{6A47449F-527D-4172-B4BA-8DC9AA79BC31}.Release|Any CPU.ActiveCfg = Release|Any CPU
		{6A47449F-527D-4172-B4BA-8DC9AA79BC31}.Release|Any CPU.Build.0 = Release|Any CPU
		{637C0471-5AEE-4E19-9CAB-8D7E2BFDE04F}.Debug|Any CPU.ActiveCfg = Debug|Any CPU
		{637C0471-5AEE-4E19-9CAB-8D7E2BFDE04F}.Debug|Any CPU.Build.0 = Debug|Any CPU
		{637C0471-5AEE-4E19-9CAB-8D7E2BFDE04F}.Release|Any CPU.ActiveCfg = Release|Any CPU
		{637C0471-5AEE-4E19-9CAB-8D7E2BFDE04F}.Release|Any CPU.Build.0 = Release|Any CPU
		{387305C2-C9CF-4B84-8935-88BE9BAC55A8}.Debug|Any CPU.ActiveCfg = Debug|Any CPU
		{387305C2-C9CF-4B84-8935-88BE9BAC55A8}.Debug|Any CPU.Build.0 = Debug|Any CPU
		{387305C2-C9CF-4B84-8935-88BE9BAC55A8}.Release|Any CPU.ActiveCfg = Release|Any CPU
		{387305C2-C9CF-4B84-8935-88BE9BAC55A8}.Release|Any CPU.Build.0 = Release|Any CPU
		{935BA65B-97EA-41A5-8924-07A309C1070F}.Debug|Any CPU.ActiveCfg = Debug|Any CPU
		{935BA65B-97EA-41A5-8924-07A309C1070F}.Debug|Any CPU.Build.0 = Debug|Any CPU
		{935BA65B-97EA-41A5-8924-07A309C1070F}.Release|Any CPU.ActiveCfg = Release|Any CPU
		{935BA65B-97EA-41A5-8924-07A309C1070F}.Release|Any CPU.Build.0 = Release|Any CPU
		{F9B36AC6-F6D1-435D-963B-A1115620017F}.Debug|Any CPU.ActiveCfg = Debug|Any CPU
		{F9B36AC6-F6D1-435D-963B-A1115620017F}.Debug|Any CPU.Build.0 = Debug|Any CPU
		{F9B36AC6-F6D1-435D-963B-A1115620017F}.Release|Any CPU.ActiveCfg = Release|Any CPU
		{F9B36AC6-F6D1-435D-963B-A1115620017F}.Release|Any CPU.Build.0 = Release|Any CPU
		{1BF815E4-1E38-4059-BDD1-907E191C088B}.Debug|Any CPU.ActiveCfg = Debug|Any CPU
		{1BF815E4-1E38-4059-BDD1-907E191C088B}.Debug|Any CPU.Build.0 = Debug|Any CPU
		{1BF815E4-1E38-4059-BDD1-907E191C088B}.Release|Any CPU.ActiveCfg = Release|Any CPU
		{1BF815E4-1E38-4059-BDD1-907E191C088B}.Release|Any CPU.Build.0 = Release|Any CPU
		{91997A9F-3EC1-4D02-8586-F498CA58AB65}.Debug|Any CPU.ActiveCfg = Debug|Any CPU
		{91997A9F-3EC1-4D02-8586-F498CA58AB65}.Debug|Any CPU.Build.0 = Debug|Any CPU
		{91997A9F-3EC1-4D02-8586-F498CA58AB65}.Release|Any CPU.ActiveCfg = Release|Any CPU
		{91997A9F-3EC1-4D02-8586-F498CA58AB65}.Release|Any CPU.Build.0 = Release|Any CPU
	EndGlobalSection
	GlobalSection(SolutionProperties) = preSolution
		HideSolutionNode = FALSE
	EndGlobalSection
EndGlobal
