
Microsoft Visual Studio Solution File, Format Version 11.00
# Visual Studio 2010
Project("{F184B08F-C81C-45F6-A57F-5ABD9991F28F}") = "VB2010LanguageFeatures", "VB2010LanguageFeatures.vbproj", "{FA29AC59-3B86-4140-81F3-C374F229DB4E}"
EndProject
Global
	GlobalSection(SolutionConfigurationPlatforms) = preSolution
		Debug|x86 = Debug|x86
		Release|x86 = Release|x86
	EndGlobalSection
	GlobalSection(ProjectConfigurationPlatforms) = postSolution
		{FA29AC59-3B86-4140-81F3-C374F229DB4E}.Debug|x86.ActiveCfg = Debug|x86
		{FA29AC59-3B86-4140-81F3-C374F229DB4E}.Debug|x86.Build.0 = Debug|x86
		{FA29AC59-3B86-4140-81F3-C374F229DB4E}.Release|x86.ActiveCfg = Release|x86
		{FA29AC59-3B86-4140-81F3-C374F229DB4E}.Release|x86.Build.0 = Release|x86
	EndGlobalSection
	GlobalSection(SolutionProperties) = preSolution
		HideSolutionNode = FALSE
	EndGlobalSection
EndGlobal
