Microsoft Visual Studio Solution File, Format Version 8.00
Project("{FAE04EC0-301F-11D3-BF4B-00C04F79EFBC}") = "ResourceDemo", "ResourceDemo.csproj", "{1FB7D240-C491-41A7-A024-51B5158744BD}"
	ProjectSection(ProjectDependencies) = postProject
	EndProjectSection
EndProject
Global
	GlobalSection(SolutionConfiguration) = preSolution
		Debug = Debug
		Release = Release
	EndGlobalSection
	GlobalSection(ProjectConfiguration) = postSolution
		{1FB7D240-C491-41A7-A024-51B5158744BD}.Debug.ActiveCfg = Debug|.NET
		{1FB7D240-C491-41A7-A024-51B5158744BD}.Debug.Build.0 = Debug|.NET
		{1FB7D240-C491-41A7-A024-51B5158744BD}.Release.ActiveCfg = Release|.NET
		{1FB7D240-C491-41A7-A024-51B5158744BD}.Release.Build.0 = Release|.NET
	EndGlobalSection
	GlobalSection(ExtensibilityGlobals) = postSolution
	EndGlobalSection
	GlobalSection(ExtensibilityAddIns) = postSolution
	EndGlobalSection
EndGlobal
