
Microsoft Visual Studio Solution File, Format Version 11.00
# Visual Studio 2010
Project("{FAE04EC0-301F-11D3-BF4B-00C04F79EFBC}") = "MyApp", "MyApp\MyApp.csproj", "{F01698E9-3F76-46E0-8CD6-5AB9EE466CB0}"
EndProject
Project("{FAE04EC0-301F-11D3-BF4B-00C04F79EFBC}") = "MyLib", "MyLib\MyLib.csproj", "{EAC27E6F-FF2E-4BAD-8800-A95AC21CE498}"
EndProject
Project("{E24C65DC-7377-472B-9ABA-BC803B73C61A}") = "MyWebApp", "MyWebApp\", "{CC38BD71-5A2A-42BD-BFA2-396A1BFAD3D8}"
	ProjectSection(WebsiteProperties) = preProject
		TargetFrameworkMoniker = ".NETFramework,Version%3Dv4.0"
		ProjectReferences = "{EAC27E6F-FF2E-4BAD-8800-A95AC21CE498}|MyLib.dll;"
		Debug.AspNetCompiler.VirtualPath = "/MyWebApp"
		Debug.AspNetCompiler.PhysicalPath = "MyWebApp\"
		Debug.AspNetCompiler.TargetPath = "PrecompiledWeb\MyWebApp\"
		Debug.AspNetCompiler.Updateable = "true"
		Debug.AspNetCompiler.ForceOverwrite = "true"
		Debug.AspNetCompiler.FixedNames = "false"
		Debug.AspNetCompiler.Debug = "True"
		Release.AspNetCompiler.VirtualPath = "/MyWebApp"
		Release.AspNetCompiler.PhysicalPath = "MyWebApp\"
		Release.AspNetCompiler.TargetPath = "PrecompiledWeb\MyWebApp\"
		Release.AspNetCompiler.Updateable = "true"
		Release.AspNetCompiler.ForceOverwrite = "true"
		Release.AspNetCompiler.FixedNames = "false"
		Release.AspNetCompiler.Debug = "False"
		VWDPort = "37853"
		DefaultWebSiteLanguage = "Visual C#"
	EndProjectSection
EndProject
Global
	GlobalSection(SolutionConfigurationPlatforms) = preSolution
		Debug|Any CPU = Debug|Any CPU
		Debug|Mixed Platforms = Debug|Mixed Platforms
		Debug|x86 = Debug|x86
		Release|Any CPU = Release|Any CPU
		Release|Mixed Platforms = Release|Mixed Platforms
		Release|x86 = Release|x86
	EndGlobalSection
	GlobalSection(ProjectConfigurationPlatforms) = postSolution
		{F01698E9-3F76-46E0-8CD6-5AB9EE466CB0}.Debug|Any CPU.ActiveCfg = Debug|x86
		{F01698E9-3F76-46E0-8CD6-5AB9EE466CB0}.Debug|Mixed Platforms.ActiveCfg = Debug|x86
		{F01698E9-3F76-46E0-8CD6-5AB9EE466CB0}.Debug|Mixed Platforms.Build.0 = Debug|x86
		{F01698E9-3F76-46E0-8CD6-5AB9EE466CB0}.Debug|x86.ActiveCfg = Debug|x86
		{F01698E9-3F76-46E0-8CD6-5AB9EE466CB0}.Debug|x86.Build.0 = Debug|x86
		{F01698E9-3F76-46E0-8CD6-5AB9EE466CB0}.Release|Any CPU.ActiveCfg = Release|x86
		{F01698E9-3F76-46E0-8CD6-5AB9EE466CB0}.Release|Mixed Platforms.ActiveCfg = Release|x86
		{F01698E9-3F76-46E0-8CD6-5AB9EE466CB0}.Release|Mixed Platforms.Build.0 = Release|x86
		{F01698E9-3F76-46E0-8CD6-5AB9EE466CB0}.Release|x86.ActiveCfg = Release|x86
		{F01698E9-3F76-46E0-8CD6-5AB9EE466CB0}.Release|x86.Build.0 = Release|x86
		{EAC27E6F-FF2E-4BAD-8800-A95AC21CE498}.Debug|Any CPU.ActiveCfg = Debug|Any CPU
		{EAC27E6F-FF2E-4BAD-8800-A95AC21CE498}.Debug|Any CPU.Build.0 = Debug|Any CPU
		{EAC27E6F-FF2E-4BAD-8800-A95AC21CE498}.Debug|Mixed Platforms.ActiveCfg = Debug|Any CPU
		{EAC27E6F-FF2E-4BAD-8800-A95AC21CE498}.Debug|Mixed Platforms.Build.0 = Debug|Any CPU
		{EAC27E6F-FF2E-4BAD-8800-A95AC21CE498}.Debug|x86.ActiveCfg = Debug|Any CPU
		{EAC27E6F-FF2E-4BAD-8800-A95AC21CE498}.Release|Any CPU.ActiveCfg = Release|Any CPU
		{EAC27E6F-FF2E-4BAD-8800-A95AC21CE498}.Release|Any CPU.Build.0 = Release|Any CPU
		{EAC27E6F-FF2E-4BAD-8800-A95AC21CE498}.Release|Mixed Platforms.ActiveCfg = Release|Any CPU
		{EAC27E6F-FF2E-4BAD-8800-A95AC21CE498}.Release|Mixed Platforms.Build.0 = Release|Any CPU
		{EAC27E6F-FF2E-4BAD-8800-A95AC21CE498}.Release|x86.ActiveCfg = Release|Any CPU
		{CC38BD71-5A2A-42BD-BFA2-396A1BFAD3D8}.Debug|Any CPU.ActiveCfg = Debug|Any CPU
		{CC38BD71-5A2A-42BD-BFA2-396A1BFAD3D8}.Debug|Any CPU.Build.0 = Debug|Any CPU
		{CC38BD71-5A2A-42BD-BFA2-396A1BFAD3D8}.Debug|Mixed Platforms.ActiveCfg = Debug|Any CPU
		{CC38BD71-5A2A-42BD-BFA2-396A1BFAD3D8}.Debug|Mixed Platforms.Build.0 = Debug|Any CPU
		{CC38BD71-5A2A-42BD-BFA2-396A1BFAD3D8}.Debug|x86.ActiveCfg = Debug|Any CPU
		{CC38BD71-5A2A-42BD-BFA2-396A1BFAD3D8}.Release|Any CPU.ActiveCfg = Debug|Any CPU
		{CC38BD71-5A2A-42BD-BFA2-396A1BFAD3D8}.Release|Any CPU.Build.0 = Debug|Any CPU
		{CC38BD71-5A2A-42BD-BFA2-396A1BFAD3D8}.Release|Mixed Platforms.ActiveCfg = Debug|Any CPU
		{CC38BD71-5A2A-42BD-BFA2-396A1BFAD3D8}.Release|Mixed Platforms.Build.0 = Debug|Any CPU
		{CC38BD71-5A2A-42BD-BFA2-396A1BFAD3D8}.Release|x86.ActiveCfg = Debug|Any CPU
	EndGlobalSection
	GlobalSection(SolutionProperties) = preSolution
		HideSolutionNode = FALSE
	EndGlobalSection
EndGlobal
