Microsoft Visual Studio Solution File, Format Version 8.00
Project("{FAE04EC0-301F-11D3-BF4B-00C04F79EFBC}") = "FileInfoDemo", "FileInfoDemo.csproj", "{F7D38932-1C25-4F3D-9F25-1996EA5A38BA}"
	ProjectSection(ProjectDependencies) = postProject
	EndProjectSection
EndProject
Global
	GlobalSection(SolutionConfiguration) = preSolution
		Debug = Debug
		Release = Release
	EndGlobalSection
	GlobalSection(ProjectConfiguration) = postSolution
		{F7D38932-1C25-4F3D-9F25-1996EA5A38BA}.Debug.ActiveCfg = Debug|.NET
		{F7D38932-1C25-4F3D-9F25-1996EA5A38BA}.Debug.Build.0 = Debug|.NET
		{F7D38932-1C25-4F3D-9F25-1996EA5A38BA}.Release.ActiveCfg = Release|.NET
		{F7D38932-1C25-4F3D-9F25-1996EA5A38BA}.Release.Build.0 = Release|.NET
	EndGlobalSection
	GlobalSection(ExtensibilityGlobals) = postSolution
	EndGlobalSection
	GlobalSection(ExtensibilityAddIns) = postSolution
	EndGlobalSection
EndGlobal
