Microsoft Visual Studio Solution File, Format Version 8.00
Project("{FAE04EC0-301F-11D3-BF4B-00C04F79EFBC}") = "WaitHandleDemo", "WaitHandleDemo.csproj", "{E58ECE0E-055C-4193-815A-DC92D44A7D36}"
	ProjectSection(ProjectDependencies) = postProject
	EndProjectSection
EndProject
Global
	GlobalSection(SolutionConfiguration) = preSolution
		Debug = Debug
		Release = Release
	EndGlobalSection
	GlobalSection(ProjectConfiguration) = postSolution
		{E58ECE0E-055C-4193-815A-DC92D44A7D36}.Debug.ActiveCfg = Debug|.NET
		{E58ECE0E-055C-4193-815A-DC92D44A7D36}.Debug.Build.0 = Debug|.NET
		{E58ECE0E-055C-4193-815A-DC92D44A7D36}.Release.ActiveCfg = Release|.NET
		{E58ECE0E-055C-4193-815A-DC92D44A7D36}.Release.Build.0 = Release|.NET
	EndGlobalSection
	GlobalSection(ExtensibilityGlobals) = postSolution
	EndGlobalSection
	GlobalSection(ExtensibilityAddIns) = postSolution
	EndGlobalSection
EndGlobal
