Microsoft Visual Studio Solution File, Format Version 8.00
Project("{FAE04EC0-301F-11D3-BF4B-00C04F79EFBC}") = "WordProject1", "WordProject1.csproj", "{76FF2CC2-180F-40A1-9246-68D27D30E161}"
	ProjectSection(ProjectDependencies) = postProject
	EndProjectSection
EndProject
Global
	GlobalSection(SolutionConfiguration) = preSolution
		Debug = Debug
		Release = Release
	EndGlobalSection
	GlobalSection(ProjectConfiguration) = postSolution
		{76FF2CC2-180F-40A1-9246-68D27D30E161}.Debug.ActiveCfg = Debug|.NET
		{76FF2CC2-180F-40A1-9246-68D27D30E161}.Debug.Build.0 = Debug|.NET
		{76FF2CC2-180F-40A1-9246-68D27D30E161}.Release.ActiveCfg = Release|.NET
		{76FF2CC2-180F-40A1-9246-68D27D30E161}.Release.Build.0 = Release|.NET
	EndGlobalSection
	GlobalSection(ExtensibilityGlobals) = postSolution
	EndGlobalSection
	GlobalSection(ExtensibilityAddIns) = postSolution
	EndGlobalSection
EndGlobal
