Microsoft Visual Studio Solution File, Format Version 8.00
Project("{FAE04EC0-301F-11D3-BF4B-00C04F79EFBC}") = "RbsDemo1", "RbsDemo1.csproj", "{D21DC983-0D2F-4A30-96C3-CE718BCBEB89}"
	ProjectSection(ProjectDependencies) = postProject
	EndProjectSection
EndProject
Global
	GlobalSection(SolutionConfiguration) = preSolution
		Debug = Debug
		Release = Release
	EndGlobalSection
	GlobalSection(ProjectConfiguration) = postSolution
		{D21DC983-0D2F-4A30-96C3-CE718BCBEB89}.Debug.ActiveCfg = Debug|.NET
		{D21DC983-0D2F-4A30-96C3-CE718BCBEB89}.Debug.Build.0 = Debug|.NET
		{D21DC983-0D2F-4A30-96C3-CE718BCBEB89}.Release.ActiveCfg = Release|.NET
		{D21DC983-0D2F-4A30-96C3-CE718BCBEB89}.Release.Build.0 = Release|.NET
	EndGlobalSection
	GlobalSection(ExtensibilityGlobals) = postSolution
	EndGlobalSection
	GlobalSection(ExtensibilityAddIns) = postSolution
	EndGlobalSection
EndGlobal
