Microsoft Visual Studio Solution File, Format Version 8.00
Project("{FAE04EC0-301F-11D3-BF4B-00C04F79EFBC}") = "From_C_Sharp", "From_C_Sharp\From_C_Sharp.csproj", "{0EF69528-D902-4FFA-9593-BB0FE1986055}"
	ProjectSection(ProjectDependencies) = postProject
	EndProjectSection
EndProject
Global
	GlobalSection(SolutionConfiguration) = preSolution
		Debug = Debug
		Release = Release
	EndGlobalSection
	GlobalSection(ProjectConfiguration) = postSolution
		{0EF69528-D902-4FFA-9593-BB0FE1986055}.Debug.ActiveCfg = Debug|.NET
		{0EF69528-D902-4FFA-9593-BB0FE1986055}.Debug.Build.0 = Debug|.NET
		{0EF69528-D902-4FFA-9593-BB0FE1986055}.Release.ActiveCfg = Release|.NET
		{0EF69528-D902-4FFA-9593-BB0FE1986055}.Release.Build.0 = Release|.NET
	EndGlobalSection
	GlobalSection(ExtensibilityGlobals) = postSolution
	EndGlobalSection
	GlobalSection(ExtensibilityAddIns) = postSolution
	EndGlobalSection
EndGlobal
